
Microsoft Visual Studio Solution File, Format Version 12.00
# Visual Studio Version 17
VisualStudioVersion = 17.11.35208.52
MinimumVisualStudioVersion = 10.0.40219.1
Project("{FAE04EC0-301F-11D3-BF4B-00C04F79EFBC}") = "Session02_CleanCodePrinciples.Sample01", "Session02_CleanCodePrinciples.Sample01\Session02_CleanCodePrinciples.Sample01.csproj", "{EEBFAEC4-4A4F-4868-869C-9E20911F6562}"
EndProject
Global
	GlobalSection(SolutionConfigurationPlatforms) = preSolution
		Debug|Any CPU = Debug|Any CPU
		Release|Any CPU = Release|Any CPU
	EndGlobalSection
	GlobalSection(ProjectConfigurationPlatforms) = postSolution
		{EEBFAEC4-4A4F-4868-869C-9E20911F6562}.Debug|Any CPU.ActiveCfg = Debug|Any CPU
		{EEBFAEC4-4A4F-4868-869C-9E20911F6562}.Debug|Any CPU.Build.0 = Debug|Any CPU
		{EEBFAEC4-4A4F-4868-869C-9E20911F6562}.Release|Any CPU.ActiveCfg = Release|Any CPU
		{EEBFAEC4-4A4F-4868-869C-9E20911F6562}.Release|Any CPU.Build.0 = Release|Any CPU
	EndGlobalSection
	GlobalSection(SolutionProperties) = preSolution
		HideSolutionNode = FALSE
	EndGlobalSection
	GlobalSection(ExtensibilityGlobals) = postSolution
		SolutionGuid = {AC44920A-B6A6-4386-97F6-9A15CDE91819}
	EndGlobalSection
EndGlobal
